
Microsoft Visual Studio Solution File, Format Version 12.00
# Visual Studio Version 17
VisualStudioVersion = 17.14.37516.0
MinimumVisualStudioVersion = 10.0.40219.1
Project("{888888A0-9F3D-457C-B088-3A5042F75D52}") = "ege_templates", "ege_templates.pyproj", "{E9728D75-C925-48FD-B307-A47329139A92}"
EndProject
Global
	GlobalSection(SolutionConfigurationPlatforms) = preSolution
		Debug|Any CPU = Debug|Any CPU
		Release|Any CPU = Release|Any CPU
	EndGlobalSection
	GlobalSection(ProjectConfigurationPlatforms) = postSolution
		{E9728D75-C925-48FD-B307-A47329139A92}.Debug|Any CPU.ActiveCfg = Debug|Any CPU
		{E9728D75-C925-48FD-B307-A47329139A92}.Release|Any CPU.ActiveCfg = Release|Any CPU
	EndGlobalSection
	GlobalSection(SolutionProperties) = preSolution
		HideSolutionNode = FALSE
	EndGlobalSection
	GlobalSection(ExtensibilityGlobals) = postSolution
		SolutionGuid = {4BAF9EDE-F50B-4E3D-97E7-6C41A53EDF9B}
	EndGlobalSection
EndGlobal
